PODS:
  - CocoaLumberjack (3.2.0):
    - CocoaLumberjack/Default (= 3.2.0)
    - CocoaLumberjack/Extensions (= 3.2.0)
  - CocoaLumberjack/Default (3.2.0)
  - CocoaLumberjack/Extensions (3.2.0):
    - CocoaLumberjack/Default
  - ICTextView (2.0.1)

DEPENDENCIES:
  - CocoaLumberjack (~> 3.2.0)
  - ICTextView (~> 2.0.1)

SPEC CHECKSUMS:
  CocoaLumberjack: 9b4aed7073d242f29cc2f62068d995faf67f703a
  ICTextView: 937aca5dd49e39e9cca41ababe8c55bf99c634fc

PODFILE CHECKSUM: c9082f35ab12328061d70ab2fdfbd2a7adf9ab48

COCOAPODS: 1.2.1
